version = 1
revision = 3
requires-python = ">=3.5"
resolution-markers = [
    "python_full_version >= '3.10'",
    "python_full_version == '3.9.*'",
    "python_full_version == '3.8.*'",
    "python_full_version == '3.7.*'",
    "python_full_version == '3.6.*'",
    "python_full_version < '3.6'",
]

[[package]]
name = "boto3"
version = "1.17.112"
source = { registry = "https://pypi.org/simple" }
resolution-markers = [
    "python_full_version < '3.6'",
]
dependencies = [
    { name = "botocore", version = "1.20.112", source = { registry = "https://pypi.org/simple" }, marker = "python_full_version < '3.6'" },
    { name = "jmespath", version = "0.10.0", source = { registry = "https://pypi.org/simple" }, marker = "python_full_version < '3.6'" },
    { name = "s3transfer", version = "0.4.2", source = { registry = "https://pypi.org/simple" }, marker = "python_full_version < '3.6'" },
]
sdist = { url = "https://files.pythonhosted.org/packages/7b/4d/3ee45c9afebcb44d0009b709e8590267669ef5bbd1310de9ccc179cb2c17/boto3-1.17.112.tar.gz", hash = "sha256:08b6dacbe7ebe57ae8acfb7106b2728d946ae1e0c3da270caee1deb79ccbd8af", size = 98293, upload-time = "2021-07-14T19:26:08.745Z" }
wheels = [
    { url = "https://files.pythonhosted.org/packages/5a/fd/d814f9cbefebbea88977628d11b860b5d564ba6f16f64c378e2da2a36405/boto3-1.17.112-py2.py3-none-any.whl", hash = "sha256:8716465313c50ad9e5c2ac1767642ca0ddf7d1729c3d5c884d82880c1a15a310", size = 131551, upload-time = "2021-07-14T19:26:11.475Z" },
]

[[package]]
name = "boto3"
version = "1.23.10"
source = { registry = "https://pypi.org/simple" }
resolution-markers = [
    "python_full_version == '3.6.*'",
]
dependencies = [
    { name = "botocore", version = "1.26.10", source = { registry = "https://pypi.org/simple" }, marker = "python_full_version == '3.6.*'" },
    { name = "jmespath", version = "0.10.0", source = { registry = "https://pypi.org/simple" }, marker = "python_full_version == '3.6.*'" },
    { name = "s3transfer", version = "0.5.2", source = { registry = "https://pypi.org/simple" }, marker = "python_full_version == '3.6.*'" },
]
sdist = { url = "https://files.pythonhosted.org/packages/04/dd/c32878e575c1c67c5f732c0f8a36e50a7dcd79b37e964a13e10b68582e63/boto3-1.23.10.tar.gz", hash = "sha256:2a4395e3241c20eef441d7443a5e6eaa0ee3f7114653fb9d9cef41587526f7bd", size = 104047, upload-time = "2022-05-27T19:04:57.827Z" }
wheels = [
    { url = "https://files.pythonhosted.org/packages/75/ca/d917b244919f1ebf96f7bbd5a00e4641f7e9191b0d070258f5dc10f5eaad/boto3-1.23.10-py3-none-any.whl", hash = "sha256:40d08614f17a69075e175c02c5d5aab69a6153fd50e40fa7057b913ac7bf40e7", size = 132496, upload-time = "2022-05-27T19:04:54.548Z" },
]

[[package]]
name = "boto3"
version = "1.33.13"
source = { registry = "https://pypi.org/simple" }
resolution-markers = [
    "python_full_version == '3.7.*'",
]
dependencies = [
    { name = "botocore", version = "1.33.13", source = { registry = "https://pypi.org/simple" }, marker = "python_full_version == '3.7.*'" },
    { name = "jmespath", version = "1.0.1", source = { registry = "https://pypi.org/simple" }, marker = "python_full_version == '3.7.*'" },
    { name = "s3transfer", version = "0.8.2", source = { registry = "https://pypi.org/simple" }, marker = "python_full_version == '3.7.*'" },
]
sdist = { url = "https://files.pythonhosted.org/packages/78/69/c59934d07fb581e0e6cfbc7598e72e528893b38f946addb7f7eca41b4525/boto3-1.33.13.tar.gz", hash = "sha256:0e966b8a475ecb06cc0846304454b8da2473d4c8198a45dfb2c5304871986883", size = 105868, upload-time = "2023-12-12T20:28:07.871Z" }
wheels = [
    { url = "https://files.pythonhosted.org/packages/df/23/9566acfb4665e261b936cbe89154c062d97a3bcfb1f8f2e54a51b2982f7b/boto3-1.33.13-py3-none-any.whl", hash = "sha256:5f278b95fb2b32f3d09d950759a05664357ba35d81107bab1537c4ddd212cd8c", size = 139327, upload-time = "2023-12-12T20:27:53.379Z" },
]

[[package]]
name = "boto3"
version = "1.37.38"
source = { registry = "https://pypi.org/simple" }
resolution-markers = [
    "python_full_version == '3.8.*'",
]
dependencies = [
    { name = "botocore", version = "1.37.38", source = { registry = "https://pypi.org/simple" }, marker = "python_full_version == '3.8.*'" },
    { name = "jmespath", version = "1.0.1", source = { registry = "https://pypi.org/simple" }, marker = "python_full_version == '3.8.*'" },
    { name = "s3transfer", version = "0.11.5", source = { registry = "https://pypi.org/simple" }, marker = "python_full_version == '3.8.*'" },
]
sdist = { url = "https://files.pythonhosted.org/packages/0d/b5/d1c2e8c484cea43891629bbab6ca90ce9ca932586750bc0e786c8f096ccf/boto3-1.37.38.tar.gz", hash = "sha256:88c02910933ab7777597d1ca7c62375f52822e0aa1a8e0c51b2598a547af42b2", size = 111623, upload-time = "2025-04-21T19:27:18.06Z" }
wheels = [
    { url = "https://files.pythonhosted.org/packages/d3/87/8189f22ee798177bc7b40afd13f046442c5f91b699e70a950b42ff447e80/boto3-1.37.38-py3-none-any.whl", hash = "sha256:b6d42803607148804dff82389757827a24ce9271f0583748853934c86310999f", size = 139922, upload-time = "2025-04-21T19:27:16.107Z" },
]

[[package]]
name = "boto3"
version = "1.42.24"
source = { registry = "https://pypi.org/simple" }
resolution-markers = [
    "python_full_version >= '3.10'",
    "python_full_version == '3.9.*'",
]
dependencies = [
    { name = "botocore", version = "1.42.24", source = { registry = "https://pypi.org/simple" }, marker = "python_full_version >= '3.9'" },
    { name = "jmespath", version = "1.0.1", source = { registry = "https://pypi.org/simple" }, marker = "python_full_version >= '3.9'" },
    { name = "s3transfer", version = "0.16.0", source = { registry = "https://pypi.org/simple" }, marker = "python_full_version >= '3.9'" },
]
sdist = { url = "https://files.pythonhosted.org/packages/ee/21/8be0e3685c3a4868be48d8d2f6e5b4641727e1d8a5d396b8b401d2b5f06e/boto3-1.42.24.tar.gz", hash = "sha256:c47a2f40df933e3861fc66fd8d6b87ee36d4361663a7e7ba39a87f5a78b2eae1", size = 112788, upload-time = "2026-01-07T20:30:51.019Z" }
wheels = [
    { url = "https://files.pythonhosted.org/packages/a7/75/bbfccb268f9faa4f59030888e859dca9797a980b77d6a074113af73bd4bf/boto3-1.42.24-py3-none-any.whl", hash = "sha256:8ed6ad670a5a2d7f66c1b0d3362791b48392c7a08f78479f5d8ab319a4d9118f", size = 140572, upload-time = "2026-01-07T20:30:49.431Z" },
]

[[package]]
name = "botocore"
version = "1.20.112"
source = { registry = "https://pypi.org/simple" }
resolution-markers = [
    "python_full_version < '3.6'",
]
dependencies = [
    { name = "jmespath", version = "0.10.0", source = { registry = "https://pypi.org/simple" }, marker = "python_full_version < '3.6'" },
    { name = "python-dateutil", marker = "python_full_version < '3.6'" },
    { name = "urllib3", version = "1.26.20", source = { registry = "https://pypi.org/simple" }, marker = "python_full_version < '3.6'" },
]
sdist = { url = "https://files.pythonhosted.org/packages/4d/c8/2d47e502c12d4b436e5b865cc78552604888aee59570c12b1863bb09c11b/botocore-1.20.112.tar.gz", hash = "sha256:d0b9b70b6eb5b65bb7162da2aaf04b6b086b15cc7ea322ddc3ef2f5e07944dcf", size = 7917776, upload-time = "2021-07-14T19:26:01.3Z" }
wheels = [
    { url = "https://files.pythonhosted.org/packages/c7/ea/11c3beca131920f552602b98d7ba9fc5b46bee6a59cbd48a95a85cbb8f41/botocore-1.20.112-py2.py3-none-any.whl", hash = "sha256:6d51de0981a3ef19da9e6a3c73b5ab427e3c0c8b92200ebd38d087299683dd2b", size = 7706401, upload-time = "2021-07-14T19:26:05.316Z" },
]

[[package]]
name = "botocore"
version = "1.26.10"
source = { registry = "https://pypi.org/simple" }
resolution-markers = [
    "python_full_version == '3.6.*'",
]
dependencies = [
    { name = "jmespath", version = "0.10.0", source = { registry = "https://pypi.org/simple" }, marker = "python_full_version == '3.6.*'" },
    { name = "python-dateutil", marker = "python_full_version == '3.6.*'" },
    { name = "urllib3", version = "1.26.20", source = { registry = "https://pypi.org/simple" }, marker = "python_full_version == '3.6.*'" },
]
sdist = { url = "https://files.pythonhosted.org/packages/af/c8/37c491b2a4198943e74d6a1792f1a18a70fd0e0e40a9cb0694cc7751a342/botocore-1.26.10.tar.gz", hash = "sha256:5df2cf7ebe34377470172bd0bbc582cf98c5cbd02da0909a14e9e2885ab3ae9c", size = 9008316, upload-time = "2022-05-27T19:04:40.193Z" }
wheels = [
    { url = "https://files.pythonhosted.org/packages/09/b8/794e0bd260198538ded90c26b353ddb632eab01950d4e7e2e2b8ee510d12/botocore-1.26.10-py3-none-any.whl", hash = "sha256:8a4a984bf901ccefe40037da11ba2abd1ddbcb3b490a492b7f218509c99fc12f", size = 8770385, upload-time = "2022-05-27T19:04:32.987Z" },
]

[[package]]
name = "botocore"
version = "1.33.13"
source = { registry = "https://pypi.org/simple" }
resolution-markers = [
    "python_full_version == '3.7.*'",
]
dependencies = [
    { name = "jmespath", version = "1.0.1", source = { registry = "https://pypi.org/simple" }, marker = "python_full_version == '3.7.*'" },
    { name = "python-dateutil", marker = "python_full_version == '3.7.*'" },
    { name = "urllib3", version = "1.26.20", source = { registry = "https://pypi.org/simple" }, marker = "python_full_version == '3.7.*'" },
]
sdist = { url = "https://files.pythonhosted.org/packages/f4/18/daf6799ca51e8ab2d5fe10e1e1bd05e156a14228ac1bf9f402e0599892ee/botocore-1.33.13.tar.gz", hash = "sha256:fb577f4cb175605527458b04571451db1bd1a2036976b626206036acd4496617", size = 11909101, upload-time = "2023-12-12T20:27:43.283Z" }
wheels = [
    { url = "https://files.pythonhosted.org/packages/8f/50/45e29154ccd7313c0aeb656b238a3f9a640e84b15143583e16cbf9aa73e2/botocore-1.33.13-py3-none-any.whl", hash = "sha256:aeadccf4b7c674c7d47e713ef34671b834bc3e89723ef96d994409c9f54666e6", size = 11811394, upload-time = "2023-12-12T20:27:30.598Z" },
]

[[package]]
name = "botocore"
version = "1.37.38"
source = { registry = "https://pypi.org/simple" }
resolution-markers = [
    "python_full_version == '3.8.*'",
]
dependencies = [
    { name = "jmespath", version = "1.0.1", source = { registry = "https://pypi.org/simple" }, marker = "python_full_version == '3.8.*'" },
    { name = "python-dateutil", marker = "python_full_version == '3.8.*'" },
    { name = "urllib3", version = "1.26.20", source = { registry = "https://pypi.org/simple" }, marker = "python_full_version == '3.8.*'" },
]
sdist = { url = "https://files.pythonhosted.org/packages/34/79/4e072e614339727f79afef704e5993b5b4d2667c1671c757cc4deb954744/botocore-1.37.38.tar.gz", hash = "sha256:c3ea386177171f2259b284db6afc971c959ec103fa2115911c4368bea7cbbc5d", size = 13832365, upload-time = "2025-04-21T19:27:05.245Z" }
wheels = [
    { url = "https://files.pythonhosted.org/packages/55/1b/93f3504afc7c523dcaa8a8147cfc75421983e30b08d9f93a533929589630/botocore-1.37.38-py3-none-any.whl", hash = "sha256:23b4097780e156a4dcaadfc1ed156ce25cb95b6087d010c4bb7f7f5d9bc9d219", size = 13499391, upload-time = "2025-04-21T19:27:00.869Z" },
]

[[package]]
name = "botocore"
version = "1.42.24"
source = { registry = "https://pypi.org/simple" }
resolution-markers = [
    "python_full_version >= '3.10'",
    "python_full_version == '3.9.*'",
]
dependencies = [
    { name = "jmespath", version = "1.0.1", source = { registry = "https://pypi.org/simple" }, marker = "python_full_version >= '3.9'" },
    { name = "python-dateutil", marker = "python_full_version >= '3.9'" },
    { name = "urllib3", version = "1.26.20", source = { registry = "https://pypi.org/simple" }, marker = "python_full_version == '3.9.*'" },
    { name = "urllib3", version = "2.6.3", source = { registry = "https://pypi.org/simple" }, marker = "python_full_version >= '3.10'" },
]
sdist = { url = "https://files.pythonhosted.org/packages/12/d7/bb4a4e839b238ffb67b002d7326b328ebe5eb23ed5180f2ca10399a802de/botocore-1.42.24.tar.gz", hash = "sha256:be8d1bea64fb91eea08254a1e5fea057e4428d08e61f4e11083a02cafc1f8cc6", size = 14878455, upload-time = "2026-01-07T20:30:40.379Z" }
wheels = [
    { url = "https://files.pythonhosted.org/packages/ff/d4/f2655d777eed8b069ecab3761454cb83f830f8be8b5b0d292e4b3a980d00/botocore-1.42.24-py3-none-any.whl", hash = "sha256:8fca9781d7c84f7ad070fceffaff7179c4aa7a5ffb27b43df9d1d957801e0a8d", size = 14551806, upload-time = "2026-01-07T20:30:38.103Z" },
]

[[package]]
name = "jmespath"
version = "0.10.0"
source = { registry = "https://pypi.org/simple" }
resolution-markers = [
    "python_full_version == '3.6.*'",
    "python_full_version < '3.6'",
]
sdist = { url = "https://files.pythonhosted.org/packages/3c/56/3f325b1eef9791759784aa5046a8f6a1aff8f7c898a2e34506771d3b99d8/jmespath-0.10.0.tar.gz", hash = "sha256:b85d0567b8666149a93172712e68920734333c0ce7e89b78b3e987f71e5ed4f9", size = 21607, upload-time = "2020-05-12T22:03:47.267Z" }
wheels = [
    { url = "https://files.pythonhosted.org/packages/07/cb/5f001272b6faeb23c1c9e0acc04d48eaaf5c862c17709d20e3469c6e0139/jmespath-0.10.0-py2.py3-none-any.whl", hash = "sha256:cdf6525904cc597730141d61b36f2e4b8ecc257c420fa2f4549bac2c2d0cb72f", size = 24489, upload-time = "2020-05-12T22:03:45.643Z" },
]

[[package]]
name = "jmespath"
version = "1.0.1"
source = { registry = "https://pypi.org/simple" }
resolution-markers = [
    "python_full_version >= '3.10'",
    "python_full_version == '3.9.*'",
    "python_full_version == '3.8.*'",
    "python_full_version == '3.7.*'",
]
sdist = { url = "https://files.pythonhosted.org/packages/00/2a/e867e8531cf3e36b41201936b7fa7ba7b5702dbef42922193f05c8976cd6/jmespath-1.0.1.tar.gz", hash = "sha256:90261b206d6defd58fdd5e85f478bf633a2901798906be2ad389150c5c60edbe", size = 25843, upload-time = "2022-06-17T18:00:12.224Z" }
wheels = [
    { url = "https://files.pythonhosted.org/packages/31/b4/b9b800c45527aadd64d5b442f9b932b00648617eb5d63d2c7a6587b7cafc/jmespath-1.0.1-py3-none-any.whl", hash = "sha256:02e2e4cc71b5bcab88332eebf907519190dd9e6e82107fa7f83b1003a6252980", size = 20256, upload-time = "2022-06-17T18:00:10.251Z" },
]

[[package]]
name = "pyaes"
version = "1.6.1"
source = { registry = "https://pypi.org/simple" }
sdist = { url = "https://files.pythonhosted.org/packages/44/66/2c17bae31c906613795711fc78045c285048168919ace2220daa372c7d72/pyaes-1.6.1.tar.gz", hash = "sha256:02c1b1405c38d3c370b085fb952dd8bea3fadcee6411ad99f312cc129c536d8f", size = 28536, upload-time = "2017-09-20T21:17:54.23Z" }

[[package]]
name = "pyasn1"
version = "0.5.1"
source = { registry = "https://pypi.org/simple" }
resolution-markers = [
    "python_full_version == '3.7.*'",
    "python_full_version == '3.6.*'",
    "python_full_version < '3.6'",
]
sdist = { url = "https://files.pythonhosted.org/packages/ce/dc/996e5446a94627fe8192735c20300ca51535397e31e7097a3cc80ccf78b7/pyasn1-0.5.1.tar.gz", hash = "sha256:6d391a96e59b23130a5cfa74d6fd7f388dbbe26cc8f1edf39fdddf08d9d6676c", size = 147134, upload-time = "2023-11-20T20:53:01.453Z" }
wheels = [
    { url = "https://files.pythonhosted.org/packages/d1/75/4686d2872bf2fc0b37917cbc8bbf0dd3a5cdb0990799be1b9cbf1e1eb733/pyasn1-0.5.1-py2.py3-none-any.whl", hash = "sha256:4439847c58d40b1d0a573d07e3856e95333f1976294494c325775aeca506eb58", size = 84930, upload-time = "2023-11-20T20:52:56.135Z" },
]

[[package]]
name = "pyasn1"
version = "0.6.1"
source = { registry = "https://pypi.org/simple" }
resolution-markers = [
    "python_full_version >= '3.10'",
    "python_full_version == '3.9.*'",
    "python_full_version == '3.8.*'",
]
sdist = { url = "https://files.pythonhosted.org/packages/ba/e9/01f1a64245b89f039897cb0130016d79f77d52669aae6ee7b159a6c4c018/pyasn1-0.6.1.tar.gz", hash = "sha256:6f580d2bdd84365380830acf45550f2511469f673cb4a5ae3857a3170128b034", size = 145322, upload-time = "2024-09-10T22:41:42.55Z" }
wheels = [
    { url = "https://files.pythonhosted.org/packages/c8/f1/d6a797abb14f6283c0ddff96bbdd46937f64122b8c925cab503dd37f8214/pyasn1-0.6.1-py3-none-any.whl", hash = "sha256:0d632f46f2ba09143da3a8afe9e33fb6f92fa2320ab7e886e2d0f7672af84629", size = 83135, upload-time = "2024-09-11T16:00:36.122Z" },
]

[[package]]
name = "python-dateutil"
version = "2.9.0.post0"
source = { registry = "https://pypi.org/simple" }
dependencies = [
    { name = "six" },
]
sdist = { url = "https://files.pythonhosted.org/packages/66/c0/0c8b6ad9f17a802ee498c46e004a0eb49bc148f2fd230864601a86dcf6db/python-dateutil-2.9.0.post0.tar.gz", hash = "sha256:37dd54208da7e1cd875388217d5e00ebd4179249f90fb72437e91a35459a0ad3", size = 342432, upload-time = "2024-03-01T18:36:20.211Z" }
wheels = [
    { url = "https://files.pythonhosted.org/packages/ec/57/56b9bcc3c9c6a792fcbaf139543cee77261f3651ca9da0c93f5c1221264b/python_dateutil-2.9.0.post0-py2.py3-none-any.whl", hash = "sha256:a8b2bc7bffae282281c8140a97d3aa9c14da0b136dfe83f850eea9a5f7470427", size = 229892, upload-time = "2024-03-01T18:36:18.57Z" },
]

[[package]]
name = "rsa"
version = "4.7.2"
source = { registry = "https://pypi.org/simple" }
resolution-markers = [
    "python_full_version < '3.6'",
]
dependencies = [
    { name = "pyasn1", version = "0.5.1", source = { registry = "https://pypi.org/simple" }, marker = "python_full_version < '3.6'" },
]
sdist = { url = "https://files.pythonhosted.org/packages/db/b5/475c45a58650b0580421746504b680cd2db4e81bc941e94ca53785250269/rsa-4.7.2.tar.gz", hash = "sha256:9d689e6ca1b3038bc82bf8d23e944b6b6037bc02301a574935b2dd946e0353b9", size = 39711, upload-time = "2021-02-24T10:55:05.846Z" }
wheels = [
    { url = "https://files.pythonhosted.org/packages/e9/93/0c0f002031f18b53af7a6166103c02b9c0667be528944137cc954ec921b3/rsa-4.7.2-py3-none-any.whl", hash = "sha256:78f9a9bf4e7be0c5ded4583326e7461e3a3c5aae24073648b4bdfa797d78c9d2", size = 34505, upload-time = "2021-02-24T10:55:03.55Z" },
]

[[package]]
name = "rsa"
version = "4.9.1"
source = { registry = "https://pypi.org/simple" }
resolution-markers = [
    "python_full_version >= '3.10'",
    "python_full_version == '3.9.*'",
    "python_full_version == '3.8.*'",
    "python_full_version == '3.7.*'",
    "python_full_version == '3.6.*'",
]
dependencies = [
    { name = "pyasn1", version = "0.5.1", source = { registry = "https://pypi.org/simple" }, marker = "python_full_version >= '3.6' and python_full_version < '3.8'" },
    { name = "pyasn1", version = "0.6.1", source = { registry = "https://pypi.org/simple" }, marker = "python_full_version >= '3.8'" },
]
sdist = { url = "https://files.pythonhosted.org/packages/da/8a/22b7beea3ee0d44b1916c0c1cb0ee3af23b700b6da9f04991899d0c555d4/rsa-4.9.1.tar.gz", hash = "sha256:e7bdbfdb5497da4c07dfd35530e1a902659db6ff241e39d9953cad06ebd0ae75", size = 29034, upload-time = "2025-04-16T09:51:18.218Z" }
wheels = [
    { url = "https://files.pythonhosted.org/packages/64/8d/0133e4eb4beed9e425d9a98ed6e081a55d195481b7632472be1af08d2f6b/rsa-4.9.1-py3-none-any.whl", hash = "sha256:68635866661c6836b8d39430f97a996acbd61bfa49406748ea243539fe239762", size = 34696, upload-time = "2025-04-16T09:51:17.142Z" },
]

[[package]]
name = "s3transfer"
version = "0.4.2"
source = { registry = "https://pypi.org/simple" }
resolution-markers = [
    "python_full_version < '3.6'",
]
dependencies = [
    { name = "botocore", version = "1.20.112", source = { registry = "https://pypi.org/simple" }, marker = "python_full_version < '3.6'" },
]
sdist = { url = "https://files.pythonhosted.org/packages/27/90/f467e516a845cf378d85f0a51913c642e31e2570eb64b352c4dc4c6cbfc7/s3transfer-0.4.2.tar.gz", hash = "sha256:cb022f4b16551edebbb31a377d3f09600dbada7363d8c5db7976e7f47732e1b2", size = 129664, upload-time = "2021-04-22T21:03:06.732Z" }
wheels = [
    { url = "https://files.pythonhosted.org/packages/63/d0/693477c688348654ddc21dcdce0817653a294aa43f41771084c25e7ff9c7/s3transfer-0.4.2-py2.py3-none-any.whl", hash = "sha256:9b3752887a2880690ce628bc263d6d13a3864083aeacff4890c1c9839a5eb0bc", size = 79216, upload-time = "2021-04-22T21:03:08.66Z" },
]

[[package]]
name = "s3transfer"
version = "0.5.2"
source = { registry = "https://pypi.org/simple" }
resolution-markers = [
    "python_full_version == '3.6.*'",
]
dependencies = [
    { name = "botocore", version = "1.26.10", source = { registry = "https://pypi.org/simple" }, marker = "python_full_version == '3.6.*'" },
]
sdist = { url = "https://files.pythonhosted.org/packages/7e/19/f82e4af435a19b28bdbfba63f338ea20a264f4df4beaf8f2ab9bfa34072b/s3transfer-0.5.2.tar.gz", hash = "sha256:95c58c194ce657a5f4fb0b9e60a84968c808888aed628cd98ab8771fe1db98ed", size = 134873, upload-time = "2022-02-24T20:06:57.379Z" }
wheels = [
    { url = "https://files.pythonhosted.org/packages/7b/9c/f51775ebe7df5a7aa4e7c79ed671bde94e154bd968aca8d65bb24aba0c8c/s3transfer-0.5.2-py3-none-any.whl", hash = "sha256:7a6f4c4d1fdb9a2b640244008e142cbc2cd3ae34b386584ef044dd0f27101971", size = 79534, upload-time = "2022-02-24T20:06:54.706Z" },
]

[[package]]
name = "s3transfer"
version = "0.8.2"
source = { registry = "https://pypi.org/simple" }
resolution-markers = [
    "python_full_version == '3.7.*'",
]
dependencies = [
    { name = "botocore", version = "1.33.13", source = { registry = "https://pypi.org/simple" }, marker = "python_full_version == '3.7.*'" },
]
sdist = { url = "https://files.pythonhosted.org/packages/5f/cc/7e3b8305e22d7dcb383d4e1a30126cfac3d54aea2bbd2dfd147e2eff4988/s3transfer-0.8.2.tar.gz", hash = "sha256:368ac6876a9e9ed91f6bc86581e319be08188dc60d50e0d56308ed5765446283", size = 139536, upload-time = "2023-11-29T21:15:47.051Z" }
wheels = [
    { url = "https://files.pythonhosted.org/packages/75/ca/5399536cbd5889ca4532d4b8bbcd17efa0fe0be0da04e143667a4ff5644e/s3transfer-0.8.2-py3-none-any.whl", hash = "sha256:c9e56cbe88b28d8e197cf841f1f0c130f246595e77ae5b5a05b69fe7cb83de76", size = 82036, upload-time = "2023-11-29T21:15:45.037Z" },
]

[[package]]
name = "s3transfer"
version = "0.11.5"
source = { registry = "https://pypi.org/simple" }
resolution-markers = [
    "python_full_version == '3.8.*'",
]
dependencies = [
    { name = "botocore", version = "1.37.38", source = { registry = "https://pypi.org/simple" }, marker = "python_full_version == '3.8.*'" },
]
sdist = { url = "https://files.pythonhosted.org/packages/c4/2b/5c9562795c2eb2b5f63536961754760c25bf0f34af93d36aa28dea2fb303/s3transfer-0.11.5.tar.gz", hash = "sha256:8c8aad92784779ab8688a61aefff3e28e9ebdce43142808eaa3f0b0f402f68b7", size = 149107, upload-time = "2025-04-17T19:23:19.051Z" }
wheels = [
    { url = "https://files.pythonhosted.org/packages/45/39/13402e323666d17850eca87e4cd6ecfcf9fd7809cac9efdcce10272fc29d/s3transfer-0.11.5-py3-none-any.whl", hash = "sha256:757af0f2ac150d3c75bc4177a32355c3862a98d20447b69a0161812992fe0bd4", size = 84782, upload-time = "2025-04-17T19:23:17.516Z" },
]

[[package]]
name = "s3transfer"
version = "0.16.0"
source = { registry = "https://pypi.org/simple" }
resolution-markers = [
    "python_full_version >= '3.10'",
    "python_full_version == '3.9.*'",
]
dependencies = [
    { name = "botocore", version = "1.42.24", source = { registry = "https://pypi.org/simple" }, marker = "python_full_version >= '3.9'" },
]
sdist = { url = "https://files.pythonhosted.org/packages/05/04/74127fc843314818edfa81b5540e26dd537353b123a4edc563109d8f17dd/s3transfer-0.16.0.tar.gz", hash = "sha256:8e990f13268025792229cd52fa10cb7163744bf56e719e0b9cb925ab79abf920", size = 153827, upload-time = "2025-12-01T02:30:59.114Z" }
wheels = [
    { url = "https://files.pythonhosted.org/packages/fc/51/727abb13f44c1fcf6d145979e1535a35794db0f6e450a0cb46aa24732fe2/s3transfer-0.16.0-py3-none-any.whl", hash = "sha256:18e25d66fed509e3868dc1572b3f427ff947dd2c56f844a5bf09481ad3f3b2fe", size = 86830, upload-time = "2025-12-01T02:30:57.729Z" },
]

[[package]]
name = "six"
version = "1.17.0"
source = { registry = "https://pypi.org/simple" }
sdist = { url = "https://files.pythonhosted.org/packages/94/e7/b2c673351809dca68a0e064b6af791aa332cf192da575fd474ed7d6f16a2/six-1.17.0.tar.gz", hash = "sha256:ff70335d468e7eb6ec65b95b99d3a2836546063f63acc5171de367e834932a81", size = 34031, upload-time = "2024-12-04T17:35:28.174Z" }
wheels = [
    { url = "https://files.pythonhosted.org/packages/b7/ce/149a00dd41f10bc29e5921b496af8b574d8413afcd5e30dfa0ed46c2cc5e/six-1.17.0-py2.py3-none-any.whl", hash = "sha256:4721f391ed90541fddacab5acf947aa0d3dc7d27b2e1e8eda2be8970586c3274", size = 11050, upload-time = "2024-12-04T17:35:26.475Z" },
]

[[package]]
name = "telethon"
version = "1.42.0"
source = { registry = "https://pypi.org/simple" }
dependencies = [
    { name = "pyaes" },
    { name = "rsa", version = "4.7.2", source = { registry = "https://pypi.org/simple" }, marker = "python_full_version < '3.6'" },
    { name = "rsa", version = "4.9.1", source = { registry = "https://pypi.org/simple" }, marker = "python_full_version >= '3.6'" },
]
sdist = { url = "https://files.pythonhosted.org/packages/8c/10/8c8c9476bfce767a856d8aaf9eae8ea1869df4e970da16f1c5b638fd1b0c/telethon-1.42.0.tar.gz", hash = "sha256:032e95511261d5ead719f75494c6c85ece2ce71816b54f3c65d6ccc371d6994d", size = 672734, upload-time = "2025-11-05T19:15:19.849Z" }
wheels = [
    { url = "https://files.pythonhosted.org/packages/e4/e4/8ce0ff55251381966a7c3f88bd5b34abda79b225a8e7fb51ddef3b849c94/telethon-1.42.0-py3-none-any.whl", hash = "sha256:cf361c94586bcacd6d0fc8959a2bce509d1bb37007fe6476a80c4fb4a2decc29", size = 748466, upload-time = "2025-11-05T19:15:18.241Z" },
]

[[package]]
name = "telethon-secret-chat"
source = { editable = "." }
dependencies = [
    { name = "boto3", version = "1.17.112", source = { registry = "https://pypi.org/simple" }, marker = "python_full_version < '3.6'" },
    { name = "boto3", version = "1.23.10", source = { registry = "https://pypi.org/simple" }, marker = "python_full_version == '3.6.*'" },
    { name = "boto3", version = "1.33.13", source = { registry = "https://pypi.org/simple" }, marker = "python_full_version == '3.7.*'" },
    { name = "boto3", version = "1.37.38", source = { registry = "https://pypi.org/simple" }, marker = "python_full_version == '3.8.*'" },
    { name = "boto3", version = "1.42.24", source = { registry = "https://pypi.org/simple" }, marker = "python_full_version >= '3.9'" },
    { name = "telethon" },
]

[package.metadata]
requires-dist = [
    { name = "boto3", specifier = ">=1.17.112" },
    { name = "telethon" },
]

[[package]]
name = "urllib3"
version = "1.26.20"
source = { registry = "https://pypi.org/simple" }
resolution-markers = [
    "python_full_version == '3.9.*'",
    "python_full_version == '3.8.*'",
    "python_full_version == '3.7.*'",
    "python_full_version == '3.6.*'",
    "python_full_version < '3.6'",
]
sdist = { url = "https://files.pythonhosted.org/packages/e4/e8/6ff5e6bc22095cfc59b6ea711b687e2b7ed4bdb373f7eeec370a97d7392f/urllib3-1.26.20.tar.gz", hash = "sha256:40c2dc0c681e47eb8f90e7e27bf6ff7df2e677421fd46756da1161c39ca70d32", size = 307380, upload-time = "2024-08-29T15:43:11.37Z" }
wheels = [
    { url = "https://files.pythonhosted.org/packages/33/cf/8435d5a7159e2a9c83a95896ed596f68cf798005fe107cc655b5c5c14704/urllib3-1.26.20-py2.py3-none-any.whl", hash = "sha256:0ed14ccfbf1c30a9072c7ca157e4319b70d65f623e91e7b32fadb2853431016e", size = 144225, upload-time = "2024-08-29T15:43:08.921Z" },
]

[[package]]
name = "urllib3"
version = "2.6.3"
source = { registry = "https://pypi.org/simple" }
resolution-markers = [
    "python_full_version >= '3.10'",
]
sdist = { url = "https://files.pythonhosted.org/packages/c7/24/5f1b3bdffd70275f6661c76461e25f024d5a38a46f04aaca912426a2b1d3/urllib3-2.6.3.tar.gz", hash = "sha256:1b62b6884944a57dbe321509ab94fd4d3b307075e0c2eae991ac71ee15ad38ed", size = 435556, upload-time = "2026-01-07T16:24:43.925Z" }
wheels = [
    { url = "https://files.pythonhosted.org/packages/39/08/aaaad47bc4e9dc8c725e68f9d04865dbcb2052843ff09c97b08904852d84/urllib3-2.6.3-py3-none-any.whl", hash = "sha256:bf272323e553dfb2e87d9bfd225ca7b0f467b919d7bbd355436d3fd37cb0acd4", size = 131584, upload-time = "2026-01-07T16:24:42.685Z" },
]
